# help-parse 池基线 —— 2026-09-24 首次固化（CI 首次运行产出）
#
# ⚠️ 这些是**当前值，不是目标值**。数字偏低的项就是已知盲区，见右侧注释。
#    修好某项 ⇒ 条数变化 ⇒ 本文件必须同步更新（那是"有意的改进"）。
#    条数**意外下降** ⇒ CI 红 ⇒ 必须回退重做。
#
# 判据（两条硬线，来自 README）：
#   1. 池内逐字差异必须 = 0（补盲区不得误伤已正确的旧形态）
#   2. L1 只能变好（条数增加 / 占位符补齐 / desc 去污染）

ffmpeg 7
gh 2        # ⚠️ 盲区：gh 有大量子命令（pr / issue / repo / workflow / auth / api...），只解析出 2 条
hw 14
node 102
openssl 39
pip 18
python 1    # ⚠️ 盲区：python --help 是 usage 行 + flag 列表，几乎解析不出动作
sqlite3 0   # ⚠️ 盲区：完全解析不出（sqlite3 没有 CLI 子命令形态，help 是点命令风格）
